// !$*UTF8*$!
{
	archiveVersion = 1;
	classes = {
	};
	objectVersion = 46;
	objects = {

/* Begin PBXBuildFile section */
		1B598AC41A2C11BE00A1E5C5 /* AddFunds.m in Sources */ = {isa = PBXBuildFile; fileRef = 1B598ABF1A2C11BE00A1E5C5 /* AddFunds.m */; };
		1B598AC51A2C11BE00A1E5C5 /* AddFunds.xib in Resources */ = {isa = PBXBuildFile; fileRef = 1B598AC01A2C11BE00A1E5C5 /* AddFunds.xib */; };
		1B598AC61A2C11BE00A1E5C5 /* CreditCardInfoView.m in Sources */ = {isa = PBXBuildFile; fileRef = 1B598AC21A2C11BE00A1E5C5 /* CreditCardInfoView.m */; };
		1B598AC71A2C11BE00A1E5C5 /* CreditCardInfoView.xib in Resources */ = {isa = PBXBuildFile; fileRef = 1B598AC31A2C11BE00A1E5C5 /* CreditCardInfoView.xib */; };
		3B17D9181A1837630071A429 /* main.m in Sources */ = {isa = PBXBuildFile; fileRef = 3B17D9171A1837630071A429 /* main.m */; };
		3B17D91B1A1837630071A429 /* AppDelegate.m in Sources */ = {isa = PBXBuildFile; fileRef = 3B17D91A1A1837630071A429 /* AppDelegate.m */; };
		3B17D9231A1837630071A429 /* Images.xcassets in Resources */ = {isa = PBXBuildFile; fileRef = 3B17D9221A1837630071A429 /* Images.xcassets */; };
		3B17D9261A1837630071A429 /* LaunchScreen.xib in Resources */ = {isa = PBXBuildFile; fileRef = 3B17D9241A1837630071A429 /* LaunchScreen.xib */; };
		3B17D9321A1837630071A429 /* CelebDuelTests.m in Sources */ = {isa = PBXBuildFile; fileRef = 3B17D9311A1837630071A429 /* CelebDuelTests.m */; };
		3B17D93D1A18385F0071A429 /* MainViewController.m in Sources */ = {isa = PBXBuildFile; fileRef = 3B17D93C1A18385F0071A429 /* MainViewController.m */; };
		3B68B65A1A3D07BC002BB539 /* PaymentViewController.m in Sources */ = {isa = PBXBuildFile; fileRef = 3B68B6591A3D07BC002BB539 /* PaymentViewController.m */; };
		3B7B2A5A1A5200C700EC7D63 /* RightMenuViewController.m in Sources */ = {isa = PBXBuildFile; fileRef = 3B7B2A591A5200C700EC7D63 /* RightMenuViewController.m */; };
		3B7D4E811A2071BF00FDCFB3 /* LeftMenuViewController.m in Sources */ = {isa = PBXBuildFile; fileRef = 3B7D4E801A2071BF00FDCFB3 /* LeftMenuViewController.m */; };
		3B8066521A5343B700FD7DAB /* Job.m in Sources */ = {isa = PBXBuildFile; fileRef = 3B8066511A5343B700FD7DAB /* Job.m */; };
		3B8066591A5347C000FD7DAB /* DataSource.m in Sources */ = {isa = PBXBuildFile; fileRef = 3B8066581A5347C000FD7DAB /* DataSource.m */; };
		3BBE364C1A2671DE00BC26CE /* PageViewController.m in Sources */ = {isa = PBXBuildFile; fileRef = 3BBE36481A2671DE00BC26CE /* PageViewController.m */; };
		3BBE364D1A2671DE00BC26CE /* PageContentViewController.m in Sources */ = {isa = PBXBuildFile; fileRef = 3BBE364A1A2671DE00BC26CE /* PageContentViewController.m */; };
		3BBE364E1A2671DE00BC26CE /* Main.storyboard in Resources */ = {isa = PBXBuildFile; fileRef = 3BBE364B1A2671DE00BC26CE /* Main.storyboard */; };
		3BBE36511A26747600BC26CE /* LoginViewController.m in Sources */ = {isa = PBXBuildFile; fileRef = 3BBE36501A26747600BC26CE /* LoginViewController.m */; };
		3BBE36541A267BDE00BC26CE /* SignUpViewController.m in Sources */ = {isa = PBXBuildFile; fileRef = 3BBE36531A267BDE00BC26CE /* SignUpViewController.m */; };
		BA2224ED4DB814597C5C25D8 /* libPods-CelebDuel.a in Frameworks */ = {isa = PBXBuildFile; fileRef = 43091654605EF4F3FD25D5FA /* libPods-CelebDuel.a */; };
/* End PBXBuildFile section */

/* Begin PBXContainerItemProxy section */
		3B17D92C1A1837630071A429 /* PBXContainerItemProxy */ = {
			isa = PBXContainerItemProxy;
			containerPortal = 3B17D90A1A1837630071A429 /* Project object */;
			proxyType = 1;
			remoteGlobalIDString = 3B17D9111A1837630071A429;
			remoteInfo = CelebDuel;
		};
/* End PBXContainerItemProxy section */

/* Begin PBXFileReference section */
		1B598ABE1A2C11BE00A1E5C5 /* AddFunds.h */ = {isa = PBXFileReference; fileEncoding = 4; lastKnownFileType = sourcecode.c.h; path = AddFunds.h; sourceTree = "<group>"; };
		1B598ABF1A2C11BE00A1E5C5 /* AddFunds.m */ = {isa = PBXFileReference; fileEncoding = 4; lastKnownFileType = sourcecode.c.objc; path = AddFunds.m; sourceTree = "<group>"; };
		1B598AC01A2C11BE00A1E5C5 /* AddFunds.xib */ = {isa = PBXFileReference; fileEncoding = 4; lastKnownFileType = file.xib; path = AddFunds.xib; sourceTree = "<group>"; };
		1B598AC11A2C11BE00A1E5C5 /* CreditCardInfoView.h */ = {isa = PBXFileReference; fileEncoding = 4; lastKnownFileType = sourcecode.c.h; path = CreditCardInfoView.h; sourceTree = "<group>"; };
		1B598AC21A2C11BE00A1E5C5 /* CreditCardInfoView.m */ = {isa = PBXFileReference; fileEncoding = 4; lastKnownFileType = sourcecode.c.objc; path = CreditCardInfoView.m; sourceTree = "<group>"; };
		1B598AC31A2C11BE00A1E5C5 /* CreditCardInfoView.xib */ = {isa = PBXFileReference; fileEncoding = 4; lastKnownFileType = file.xib; path = CreditCardInfoView.xib; sourceTree = "<group>"; };
		3B17D9121A1837630071A429 /* CelebDuel.app */ = {isa = PBXFileReference; explicitFileType = wrapper.application; includeInIndex = 0; path = CelebDuel.app; sourceTree = BUILT_PRODUCTS_DIR; };
		3B17D9161A1837630071A429 /* Info.plist */ = {isa = PBXFileReference; lastKnownFileType = text.plist.xml; path = Info.plist; sourceTree = "<group>"; };
		3B17D9171A1837630071A429 /* main.m */ = {isa = PBXFileReference; lastKnownFileType = sourcecode.c.objc; path = main.m; sourceTree = "<group>"; };
		3B17D9191A1837630071A429 /* AppDelegate.h */ = {isa = PBXFileReference; lastKnownFileType = sourcecode.c.h; path = AppDelegate.h; sourceTree = "<group>"; };
		3B17D91A1A1837630071A429 /* AppDelegate.m */ = {isa = PBXFileReference; lastKnownFileType = sourcecode.c.objc; path = AppDelegate.m; sourceTree = "<group>"; };
		3B17D9221A1837630071A429 /* Images.xcassets */ = {isa = PBXFileReference; lastKnownFileType = folder.assetcatalog; path = Images.xcassets; sourceTree = "<group>"; };
		3B17D9251A1837630071A429 /* Base */ = {isa = PBXFileReference; lastKnownFileType = file.xib; name = Base; path = Base.lproj/LaunchScreen.xib; sourceTree = "<group>"; };
		3B17D92B1A1837630071A429 /* CelebDuelTests.xctest */ = {isa = PBXFileReference; explicitFileType = wrapper.cfbundle; includeInIndex = 0; path = CelebDuelTests.xctest; sourceTree = BUILT_PRODUCTS_DIR; };
		3B17D9301A1837630071A429 /* Info.plist */ = {isa = PBXFileReference; lastKnownFileType = text.plist.xml; path = Info.plist; sourceTree = "<group>"; };
		3B17D9311A1837630071A429 /* CelebDuelTests.m */ = {isa = PBXFileReference; lastKnownFileType = sourcecode.c.objc; path = CelebDuelTests.m; sourceTree = "<group>"; };
		3B17D93B1A18385F0071A429 /* MainViewController.h */ = {isa = PBXFileReference; fileEncoding = 4; lastKnownFileType = sourcecode.c.h; path = MainViewController.h; sourceTree = "<group>"; };
		3B17D93C1A18385F0071A429 /* MainViewController.m */ = {isa = PBXFileReference; fileEncoding = 4; lastKnownFileType = sourcecode.c.objc; path = MainViewController.m; sourceTree = "<group>"; };
		3B68B6581A3D07BC002BB539 /* PaymentViewController.h */ = {isa = PBXFileReference; fileEncoding = 4; lastKnownFileType = sourcecode.c.h; path = PaymentViewController.h; sourceTree = "<group>"; };
		3B68B6591A3D07BC002BB539 /* PaymentViewController.m */ = {isa = PBXFileReference; fileEncoding = 4; lastKnownFileType = sourcecode.c.objc; path = PaymentViewController.m; sourceTree = "<group>"; };
		3B7B2A581A5200C700EC7D63 /* RightMenuViewController.h */ = {isa = PBXFileReference; fileEncoding = 4; lastKnownFileType = sourcecode.c.h; path = RightMenuViewController.h; sourceTree = "<group>"; };
		3B7B2A591A5200C700EC7D63 /* RightMenuViewController.m */ = {isa = PBXFileReference; fileEncoding = 4; lastKnownFileType = sourcecode.c.objc; path = RightMenuViewController.m; sourceTree = "<group>"; };
		3B7D4E801A2071BF00FDCFB3 /* LeftMenuViewController.m */ = {isa = PBXFileReference; fileEncoding = 4; lastKnownFileType = sourcecode.c.objc; path = LeftMenuViewController.m; sourceTree = "<group>"; };
		3B7D4E821A2071D400FDCFB3 /* LeftMenuViewController.h */ = {isa = PBXFileReference; lastKnownFileType = sourcecode.c.h; path = LeftMenuViewController.h; sourceTree = "<group>"; };
		3B8066501A5343B700FD7DAB /* Job.h */ = {isa = PBXFileReference; fileEncoding = 4; lastKnownFileType = sourcecode.c.h; path = Job.h; sourceTree = "<group>"; };
		3B8066511A5343B700FD7DAB /* Job.m */ = {isa = PBXFileReference; fileEncoding = 4; lastKnownFileType = sourcecode.c.objc; path = Job.m; sourceTree = "<group>"; };
		3B8066571A5347C000FD7DAB /* DataSource.h */ = {isa = PBXFileReference; fileEncoding = 4; lastKnownFileType = sourcecode.c.h; path = DataSource.h; sourceTree = "<group>"; };
		3B8066581A5347C000FD7DAB /* DataSource.m */ = {isa = PBXFileReference; fileEncoding = 4; lastKnownFileType = sourcecode.c.objc; path = DataSource.m; sourceTree = "<group>"; };
		3BBE36471A2671DE00BC26CE /* PageViewController.h */ = {isa = PBXFileReference; fileEncoding = 4; lastKnownFileType = sourcecode.c.h; path = PageViewController.h; sourceTree = "<group>"; };
		3BBE36481A2671DE00BC26CE /* PageViewController.m */ = {isa = PBXFileReference; fileEncoding = 4; lastKnownFileType = sourcecode.c.objc; path = PageViewController.m; sourceTree = "<group>"; };
		3BBE36491A2671DE00BC26CE /* PageContentViewController.h */ = {isa = PBXFileReference; fileEncoding = 4; lastKnownFileType = sourcecode.c.h; path = PageContentViewController.h; sourceTree = "<group>"; };
		3BBE364A1A2671DE00BC26CE /* PageContentViewController.m */ = {isa = PBXFileReference; fileEncoding = 4; lastKnownFileType = sourcecode.c.objc; path = PageContentViewController.m; sourceTree = "<group>"; };
		3BBE364B1A2671DE00BC26CE /* Main.storyboard */ = {isa = PBXFileReference; fileEncoding = 4; lastKnownFileType = file.storyboard; path = Main.storyboard; sourceTree = "<group>"; };
		3BBE364F1A26747600BC26CE /* LoginViewController.h */ = {isa = PBXFileReference; fileEncoding = 4; lastKnownFileType = sourcecode.c.h; path = LoginViewController.h; sourceTree = "<group>"; };
		3BBE36501A26747600BC26CE /* LoginViewController.m */ = {isa = PBXFileReference; fileEncoding = 4; lastKnownFileType = sourcecode.c.objc; path = LoginViewController.m; sourceTree = "<group>"; };
		3BBE36521A267BDE00BC26CE /* SignUpViewController.h */ = {isa = PBXFileReference; fileEncoding = 4; lastKnownFileType = sourcecode.c.h; path = SignUpViewController.h; sourceTree = "<group>"; };
		3BBE36531A267BDE00BC26CE /* SignUpViewController.m */ = {isa = PBXFileReference; fileEncoding = 4; lastKnownFileType = sourcecode.c.objc; path = SignUpViewController.m; sourceTree = "<group>"; };
		3BBE365E1A268DCC00BC26CE /* AudioToolbox.framework */ = {isa = PBXFileReference; lastKnownFileType = wrapper.framework; name = AudioToolbox.framework; path = System/Library/Frameworks/AudioToolbox.framework; sourceTree = SDKROOT; };
		3BBE36601A268DD500BC26CE /* CFNetwork.framework */ = {isa = PBXFileReference; lastKnownFileType = wrapper.framework; name = CFNetwork.framework; path = System/Library/Frameworks/CFNetwork.framework; sourceTree = SDKROOT; };
		3BBE36621A268DEA00BC26CE /* CoreGraphics.framework */ = {isa = PBXFileReference; lastKnownFileType = wrapper.framework; name = CoreGraphics.framework; path = System/Library/Frameworks/CoreGraphics.framework; sourceTree = SDKROOT; };
		3BBE36641A268DF200BC26CE /* CoreLocation.framework */ = {isa = PBXFileReference; lastKnownFileType = wrapper.framework; name = CoreLocation.framework; path = System/Library/Frameworks/CoreLocation.framework; sourceTree = SDKROOT; };
		3BBE36661A268E0B00BC26CE /* libz.dylib */ = {isa = PBXFileReference; lastKnownFileType = "compiled.mach-o.dylib"; name = libz.dylib; path = usr/lib/libz.dylib; sourceTree = SDKROOT; };
		3BBE36681A268E1E00BC26CE /* MobileCoreServices.framework */ = {isa = PBXFileReference; lastKnownFileType = wrapper.framework; name = MobileCoreServices.framework; path = System/Library/Frameworks/MobileCoreServices.framework; sourceTree = SDKROOT; };
		3BBE366A1A268E2A00BC26CE /* QuartzCore.framework */ = {isa = PBXFileReference; lastKnownFileType = wrapper.framework; name = QuartzCore.framework; path = System/Library/Frameworks/QuartzCore.framework; sourceTree = SDKROOT; };
		3BBE366C1A268E3200BC26CE /* Security.framework */ = {isa = PBXFileReference; lastKnownFileType = wrapper.framework; name = Security.framework; path = System/Library/Frameworks/Security.framework; sourceTree = SDKROOT; };
		3BBE366E1A268E3C00BC26CE /* StoreKit.framework */ = {isa = PBXFileReference; lastKnownFileType = wrapper.framework; name = StoreKit.framework; path = System/Library/Frameworks/StoreKit.framework; sourceTree = SDKROOT; };
		3BBE36701A268E5400BC26CE /* SystemConfiguration.framework */ = {isa = PBXFileReference; lastKnownFileType = wrapper.framework; name = SystemConfiguration.framework; path = System/Library/Frameworks/SystemConfiguration.framework; sourceTree = SDKROOT; };
		43091654605EF4F3FD25D5FA /* libPods-CelebDuel.a */ = {isa = PBXFileReference; explicitFileType = archive.ar; includeInIndex = 0; path = "libPods-CelebDuel.a"; sourceTree = BUILT_PRODUCTS_DIR; };
		43494C7F7D6D150F06A336CA /* Pods-CelebDuel.debug.xcconfig */ = {isa = PBXFileReference; includeInIndex = 1; lastKnownFileType = text.xcconfig; name = "Pods-CelebDuel.debug.xcconfig"; path = "Pods/Target Support Files/Pods-CelebDuel/Pods-CelebDuel.debug.xcconfig"; sourceTree = "<group>"; };
		EC730A4AAA7A8C9D563943B3 /* Pods-CelebDuel.release.xcconfig */ = {isa = PBXFileReference; includeInIndex = 1; lastKnownFileType = text.xcconfig; name = "Pods-CelebDuel.release.xcconfig"; path = "Pods/Target Support Files/Pods-CelebDuel/Pods-CelebDuel.release.xcconfig"; sourceTree = "<group>"; };
/* End PBXFileReference section */

/* Begin PBXFrameworksBuildPhase section */
		3B17D90F1A1837630071A429 /* Frameworks */ = {
			isa = PBXFrameworksBuildPhase;
			buildActionMask = 2147483647;
			files = (
				BA2224ED4DB814597C5C25D8 /* libPods-CelebDuel.a in Frameworks */,
			);
			runOnlyForDeploymentPostprocessing = 0;
		};
		3B17D9281A1837630071A429 /* Frameworks */ = {
			isa = PBXFrameworksBuildPhase;
			buildActionMask = 2147483647;
			files = (
			);
			runOnlyForDeploymentPostprocessing = 0;
		};
/* End PBXFrameworksBuildPhase section */

/* Begin PBXGroup section */
		1B598ABD1A2C10BA00A1E5C5 /* AddFunds */ = {
			isa = PBXGroup;
			children = (
				1B598ABE1A2C11BE00A1E5C5 /* AddFunds.h */,
				1B598ABF1A2C11BE00A1E5C5 /* AddFunds.m */,
				1B598AC01A2C11BE00A1E5C5 /* AddFunds.xib */,
				1B598AC11A2C11BE00A1E5C5 /* CreditCardInfoView.h */,
				1B598AC21A2C11BE00A1E5C5 /* CreditCardInfoView.m */,
				1B598AC31A2C11BE00A1E5C5 /* CreditCardInfoView.xib */,
				3B68B6581A3D07BC002BB539 /* PaymentViewController.h */,
				3B68B6591A3D07BC002BB539 /* PaymentViewController.m */,
			);
			name = AddFunds;
			sourceTree = "<group>";
		};
		3B17D9091A1837630071A429 = {
			isa = PBXGroup;
			children = (
				3B17D9141A1837630071A429 /* CelebDuel */,
				3B17D92E1A1837630071A429 /* CelebDuelTests */,
				49CCB4A942B62240D59804EB /* Frameworks */,
				584E2EFB7EC4E70738F9FCD5 /* Pods */,
				3B17D9131A1837630071A429 /* Products */,
			);
			sourceTree = "<group>";
		};
		3B17D9131A1837630071A429 /* Products */ = {
			isa = PBXGroup;
			children = (
				3B17D9121A1837630071A429 /* CelebDuel.app */,
				3B17D92B1A1837630071A429 /* CelebDuelTests.xctest */,
			);
			name = Products;
			sourceTree = "<group>";
		};
		3B17D9141A1837630071A429 /* CelebDuel */ = {
			isa = PBXGroup;
			children = (
				3BBE36341A2641A700BC26CE /* Intro View */,
				3B2353D71A5788F300C5FB1A /* Secondary View */,
				3B2CA71A1A203725004B2AD7 /* MainView */,
				3B8066531A53464A00FD7DAB /* DataSource */,
				3BD8CD2C1A32BAA9004618EB /* Models */,
				3B17D9151A1837630071A429 /* Supporting Files */,
				3B17D9221A1837630071A429 /* Images.xcassets */,
				3B17D9241A1837630071A429 /* LaunchScreen.xib */,
			);
			path = CelebDuel;
			sourceTree = "<group>";
		};
		3B17D9151A1837630071A429 /* Supporting Files */ = {
			isa = PBXGroup;
			children = (
				3B17D9191A1837630071A429 /* AppDelegate.h */,
				3B17D91A1A1837630071A429 /* AppDelegate.m */,
				3B17D9161A1837630071A429 /* Info.plist */,
				3B17D9171A1837630071A429 /* main.m */,
			);
			name = "Supporting Files";
			sourceTree = "<group>";
		};
		3B17D92E1A1837630071A429 /* CelebDuelTests */ = {
			isa = PBXGroup;
			children = (
				3B17D92F1A1837630071A429 /* Supporting Files */,
				3B17D9311A1837630071A429 /* CelebDuelTests.m */,
			);
			path = CelebDuelTests;
			sourceTree = "<group>";
		};
		3B17D92F1A1837630071A429 /* Supporting Files */ = {
			isa = PBXGroup;
			children = (
				3B17D9301A1837630071A429 /* Info.plist */,
			);
			name = "Supporting Files";
			sourceTree = "<group>";
		};
		3B2353D71A5788F300C5FB1A /* Secondary View */ = {
			isa = PBXGroup;
			children = (
				3B2353D81A57897E00C5FB1A /* Job View */,
				1B598ABD1A2C10BA00A1E5C5 /* AddFunds */,
			);
			name = "Secondary View";
			sourceTree = "<group>";
		};
		3B2353D81A57897E00C5FB1A /* Job View */ = {
			isa = PBXGroup;
			children = (
			);
			name = "Job View";
			sourceTree = "<group>";
		};
		3B2CA71A1A203725004B2AD7 /* MainView */ = {
			isa = PBXGroup;
			children = (
				3B7D4E821A2071D400FDCFB3 /* LeftMenuViewController.h */,
				3B7D4E801A2071BF00FDCFB3 /* LeftMenuViewController.m */,
				3B17D93B1A18385F0071A429 /* MainViewController.h */,
				3B17D93C1A18385F0071A429 /* MainViewController.m */,
				3B7B2A581A5200C700EC7D63 /* RightMenuViewController.h */,
				3B7B2A591A5200C700EC7D63 /* RightMenuViewController.m */,
			);
			name = MainView;
			sourceTree = "<group>";
		};
		3B8066531A53464A00FD7DAB /* DataSource */ = {
			isa = PBXGroup;
			children = (
				3B8066571A5347C000FD7DAB /* DataSource.h */,
				3B8066581A5347C000FD7DAB /* DataSource.m */,
			);
			name = DataSource;
			sourceTree = "<group>";
		};
		3BBE36341A2641A700BC26CE /* Intro View */ = {
			isa = PBXGroup;
			children = (
				3BBE364F1A26747600BC26CE /* LoginViewController.h */,
				3BBE36501A26747600BC26CE /* LoginViewController.m */,
				3BBE364B1A2671DE00BC26CE /* Main.storyboard */,
				3BBE36491A2671DE00BC26CE /* PageContentViewController.h */,
				3BBE364A1A2671DE00BC26CE /* PageContentViewController.m */,
				3BBE36471A2671DE00BC26CE /* PageViewController.h */,
				3BBE36481A2671DE00BC26CE /* PageViewController.m */,
				3BBE36521A267BDE00BC26CE /* SignUpViewController.h */,
				3BBE36531A267BDE00BC26CE /* SignUpViewController.m */,
			);
			name = "Intro View";
			sourceTree = "<group>";
		};
		3BD8CD2C1A32BAA9004618EB /* Models */ = {
			isa = PBXGroup;
			children = (
				3B8066501A5343B700FD7DAB /* Job.h */,
				3B8066511A5343B700FD7DAB /* Job.m */,
			);
			name = Models;
			sourceTree = "<group>";
		};
		49CCB4A942B62240D59804EB /* Frameworks */ = {
			isa = PBXGroup;
			children = (
				3BBE365E1A268DCC00BC26CE /* AudioToolbox.framework */,
				3BBE36601A268DD500BC26CE /* CFNetwork.framework */,
				3BBE36621A268DEA00BC26CE /* CoreGraphics.framework */,
				3BBE36641A268DF200BC26CE /* CoreLocation.framework */,
				43091654605EF4F3FD25D5FA /* libPods-CelebDuel.a */,
				3BBE36661A268E0B00BC26CE /* libz.dylib */,
				3BBE36681A268E1E00BC26CE /* MobileCoreServices.framework */,
				3BBE366A1A268E2A00BC26CE /* QuartzCore.framework */,
				3BBE366C1A268E3200BC26CE /* Security.framework */,
				3BBE366E1A268E3C00BC26CE /* StoreKit.framework */,
				3BBE36701A268E5400BC26CE /* SystemConfiguration.framework */,
			);
			name = Frameworks;
			sourceTree = "<group>";
		};
		584E2EFB7EC4E70738F9FCD5 /* Pods */ = {
			isa = PBXGroup;
			children = (
				43494C7F7D6D150F06A336CA /* Pods-CelebDuel.debug.xcconfig */,
				EC730A4AAA7A8C9D563943B3 /* Pods-CelebDuel.release.xcconfig */,
			);
			name = Pods;
			sourceTree = "<group>";
		};
/* End PBXGroup section */

/* Begin PBXNativeTarget section */
		3B17D9111A1837630071A429 /* CelebDuel */ = {
			isa = PBXNativeTarget;
			buildConfigurationList = 3B17D9351A1837630071A429 /* Build configuration list for PBXNativeTarget "CelebDuel" */;
			buildPhases = (
				6D91E76F9C6FB5F40BDE0BC1 /* Check Pods Manifest.lock */,
				3B17D90E1A1837630071A429 /* Sources */,
				3B17D90F1A1837630071A429 /* Frameworks */,
				3B17D9101A1837630071A429 /* Resources */,
				CFD3F5017E57F6503B63CC85 /* Copy Pods Resources */,
			);
			buildRules = (
			);
			dependencies = (
			);
			name = CelebDuel;
			productName = CelebDuel;
			productReference = 3B17D9121A1837630071A429 /* CelebDuel.app */;
			productType = "com.apple.product-type.application";
		};
		3B17D92A1A1837630071A429 /* CelebDuelTests */ = {
			isa = PBXNativeTarget;
			buildConfigurationList = 3B17D9381A1837630071A429 /* Build configuration list for PBXNativeTarget "CelebDuelTests" */;
			buildPhases = (
				3B17D9271A1837630071A429 /* Sources */,
				3B17D9281A1837630071A429 /* Frameworks */,
				3B17D9291A1837630071A429 /* Resources */,
			);
			buildRules = (
			);
			dependencies = (
				3B17D92D1A1837630071A429 /* PBXTargetDependency */,
			);
			name = CelebDuelTests;
			productName = CelebDuelTests;
			productReference = 3B17D92B1A1837630071A429 /* CelebDuelTests.xctest */;
			productType = "com.apple.product-type.bundle.unit-test";
		};
/* End PBXNativeTarget section */

/* Begin PBXProject section */
		3B17D90A1A1837630071A429 /* Project object */ = {
			isa = PBXProject;
			attributes = {
				LastUpgradeCheck = 0610;
				ORGANIZATIONNAME = EastoftheWestEnd;
				TargetAttributes = {
					3B17D9111A1837630071A429 = {
						CreatedOnToolsVersion = 6.1;
						DevelopmentTeam = Y7773C39R6;
					};
					3B17D92A1A1837630071A429 = {
						CreatedOnToolsVersion = 6.1;
						TestTargetID = 3B17D9111A1837630071A429;
					};
				};
			};
			buildConfigurationList = 3B17D90D1A1837630071A429 /* Build configuration list for PBXProject "CelebDuel" */;
			compatibilityVersion = "Xcode 3.2";
			developmentRegion = English;
			hasScannedForEncodings = 0;
			knownRegions = (
				en,
				Base,
				he,
			);
			mainGroup = 3B17D9091A1837630071A429;
			productRefGroup = 3B17D9131A1837630071A429 /* Products */;
			projectDirPath = "";
			projectRoot = "";
			targets = (
				3B17D9111A1837630071A429 /* CelebDuel */,
				3B17D92A1A1837630071A429 /* CelebDuelTests */,
			);
		};
/* End PBXProject section */

/* Begin PBXResourcesBuildPhase section */
		3B17D9101A1837630071A429 /* Resources */ = {
			isa = PBXResourcesBuildPhase;
			buildActionMask = 2147483647;
			files = (
				1B598AC51A2C11BE00A1E5C5 /* AddFunds.xib in Resources */,
				1B598AC71A2C11BE00A1E5C5 /* CreditCardInfoView.xib in Resources */,
				3B17D9231A1837630071A429 /* Images.xcassets in Resources */,
				3B17D9261A1837630071A429 /* LaunchScreen.xib in Resources */,
				3BBE364E1A2671DE00BC26CE /* Main.storyboard in Resources */,
			);
			runOnlyForDeploymentPostprocessing = 0;
		};
		3B17D9291A1837630071A429 /* Resources */ = {
			isa = PBXResourcesBuildPhase;
			buildActionMask = 2147483647;
			files = (
			);
			runOnlyForDeploymentPostprocessing = 0;
		};
/* End PBXResourcesBuildPhase section */

/* Begin PBXShellScriptBuildPhase section */
		6D91E76F9C6FB5F40BDE0BC1 /* Check Pods Manifest.lock */ = {
			isa = PBXShellScriptBuildPhase;
			buildActionMask = 2147483647;
			files = (
			);
			inputPaths = (
			);
			name = "Check Pods Manifest.lock";
			outputPaths = (
			);
			runOnlyForDeploymentPostprocessing = 0;
			shellPath = /bin/sh;
			shellScript = "diff \"${PODS_ROOT}/../Podfile.lock\" \"${PODS_ROOT}/Manifest.lock\" > /dev/null\nif [[ $? != 0 ]] ; then\n    cat << EOM\nerror: The sandbox is not in sync with the Podfile.lock. Run 'pod install' or update your CocoaPods installation.\nEOM\n    exit 1\nfi\n";
			showEnvVarsInLog = 0;
		};
		CFD3F5017E57F6503B63CC85 /* Copy Pods Resources */ = {
			isa = PBXShellScriptBuildPhase;
			buildActionMask = 2147483647;
			files = (
			);
			inputPaths = (
			);
			name = "Copy Pods Resources";
			outputPaths = (
			);
			runOnlyForDeploymentPostprocessing = 0;
			shellPath = /bin/sh;
			shellScript = "\"${SRCROOT}/Pods/Target Support Files/Pods-CelebDuel/Pods-CelebDuel-resources.sh\"\n";
			showEnvVarsInLog = 0;
		};
/* End PBXShellScriptBuildPhase section */

/* Begin PBXSourcesBuildPhase section */
		3B17D90E1A1837630071A429 /* Sources */ = {
			isa = PBXSourcesBuildPhase;
			buildActionMask = 2147483647;
			files = (
				1B598AC41A2C11BE00A1E5C5 /* AddFunds.m in Sources */,
				3B17D91B1A1837630071A429 /* AppDelegate.m in Sources */,
				1B598AC61A2C11BE00A1E5C5 /* CreditCardInfoView.m in Sources */,
				3B7D4E811A2071BF00FDCFB3 /* LeftMenuViewController.m in Sources */,
				3B8066591A5347C000FD7DAB /* DataSource.m in Sources */,
				3BBE36511A26747600BC26CE /* LoginViewController.m in Sources */,
				3B17D9181A1837630071A429 /* main.m in Sources */,
				3B7B2A5A1A5200C700EC7D63 /* RightMenuViewController.m in Sources */,
				3B8066521A5343B700FD7DAB /* Job.m in Sources */,
				3B17D93D1A18385F0071A429 /* MainViewController.m in Sources */,
				3BBE364D1A2671DE00BC26CE /* PageContentViewController.m in Sources */,
				3BBE364C1A2671DE00BC26CE /* PageViewController.m in Sources */,
				3B68B65A1A3D07BC002BB539 /* PaymentViewController.m in Sources */,
				3BBE36541A267BDE00BC26CE /* SignUpViewController.m in Sources */,
			);
			runOnlyForDeploymentPostprocessing = 0;
		};
		3B17D9271A1837630071A429 /* Sources */ = {
			isa = PBXSourcesBuildPhase;
			buildActionMask = 2147483647;
			files = (
				3B17D9321A1837630071A429 /* CelebDuelTests.m in Sources */,
			);
			runOnlyForDeploymentPostprocessing = 0;
		};
/* End PBXSourcesBuildPhase section */

/* Begin PBXTargetDependency section */
		3B17D92D1A1837630071A429 /* PBXTargetDependency */ = {
			isa = PBXTargetDependency;
			target = 3B17D9111A1837630071A429 /* CelebDuel */;
			targetProxy = 3B17D92C1A1837630071A429 /* PBXContainerItemProxy */;
		};
/* End PBXTargetDependency section */

/* Begin PBXVariantGroup section */
		3B17D9241A1837630071A429 /* LaunchScreen.xib */ = {
			isa = PBXVariantGroup;
			children = (
				3B17D9251A1837630071A429 /* Base */,
			);
			name = LaunchScreen.xib;
			sourceTree = "<group>";
		};
/* End PBXVariantGroup section */

/* Begin XCBuildConfiguration section */
		3B17D9331A1837630071A429 /* Debug */ = {
			isa = XCBuildConfiguration;
			buildSettings = {
				ALWAYS_SEARCH_USER_PATHS = NO;
				CLANG_CXX_LANGUAGE_STANDARD = "gnu++0x";
				CLANG_CXX_LIBRARY = "libc++";
				CLANG_ENABLE_MODULES = YES;
				CLANG_ENABLE_OBJC_ARC = YES;
				CLANG_WARN_BOOL_CONVERSION = YES;
				CLANG_WARN_CONSTANT_CONVERSION = YES;
				CLANG_WARN_DIRECT_OBJC_ISA_USAGE = YES_ERROR;
				CLANG_WARN_EMPTY_BODY = YES;
				CLANG_WARN_ENUM_CONVERSION = YES;
				CLANG_WARN_INT_CONVERSION = YES;
				CLANG_WARN_OBJC_ROOT_CLASS = YES_ERROR;
				CLANG_WARN_UNREACHABLE_CODE = YES;
				CLANG_WARN__DUPLICATE_METHOD_MATCH = YES;
				"CODE_SIGN_IDENTITY[sdk=iphoneos*]" = "iPhone Developer";
				COPY_PHASE_STRIP = NO;
				ENABLE_STRICT_OBJC_MSGSEND = YES;
				GCC_C_LANGUAGE_STANDARD = gnu99;
				GCC_DYNAMIC_NO_PIC = NO;
				GCC_OPTIMIZATION_LEVEL = 0;
				GCC_PREPROCESSOR_DEFINITIONS = (
					"DEBUG=1",
					"$(inherited)",
				);
				GCC_SYMBOLS_PRIVATE_EXTERN = NO;
				GCC_WARN_64_TO_32_BIT_CONVERSION = YES;
				GCC_WARN_ABOUT_RETURN_TYPE = YES_ERROR;
				GCC_WARN_UNDECLARED_SELECTOR = YES;
				GCC_WARN_UNINITIALIZED_AUTOS = YES_AGGRESSIVE;
				GCC_WARN_UNUSED_FUNCTION = YES;
				GCC_WARN_UNUSED_VARIABLE = YES;
				IPHONEOS_DEPLOYMENT_TARGET = 8.1;
				MTL_ENABLE_DEBUG_INFO = YES;
				ONLY_ACTIVE_ARCH = YES;
				SDKROOT = iphoneos;
				TARGETED_DEVICE_FAMILY = "1,2";
			};
			name = Debug;
		};
		3B17D9341A1837630071A429 /* Release */ = {
			isa = XCBuildConfiguration;
			buildSettings = {
				ALWAYS_SEARCH_USER_PATHS = NO;
				CLANG_CXX_LANGUAGE_STANDARD = "gnu++0x";
				CLANG_CXX_LIBRARY = "libc++";
				CLANG_ENABLE_MODULES = YES;
				CLANG_ENABLE_OBJC_ARC = YES;
				CLANG_WARN_BOOL_CONVERSION = YES;
				CLANG_WARN_CONSTANT_CONVERSION = YES;
				CLANG_WARN_DIRECT_OBJC_ISA_USAGE = YES_ERROR;
				CLANG_WARN_EMPTY_BODY = YES;
				CLANG_WARN_ENUM_CONVERSION = YES;
				CLANG_WARN_INT_CONVERSION = YES;
				CLANG_WARN_OBJC_ROOT_CLASS = YES_ERROR;
				CLANG_WARN_UNREACHABLE_CODE = YES;
				CLANG_WARN__DUPLICATE_METHOD_MATCH = YES;
				"CODE_SIGN_IDENTITY[sdk=iphoneos*]" = "iPhone Developer";
				COPY_PHASE_STRIP = YES;
				ENABLE_NS_ASSERTIONS = NO;
				ENABLE_STRICT_OBJC_MSGSEND = YES;
				GCC_C_LANGUAGE_STANDARD = gnu99;
				GCC_WARN_64_TO_32_BIT_CONVERSION = YES;
				GCC_WARN_ABOUT_RETURN_TYPE = YES_ERROR;
				GCC_WARN_UNDECLARED_SELECTOR = YES;
				GCC_WARN_UNINITIALIZED_AUTOS = YES_AGGRESSIVE;
				GCC_WARN_UNUSED_FUNCTION = YES;
				GCC_WARN_UNUSED_VARIABLE = YES;
				IPHONEOS_DEPLOYMENT_TARGET = 8.1;
				MTL_ENABLE_DEBUG_INFO = NO;
				SDKROOT = iphoneos;
				TARGETED_DEVICE_FAMILY = "1,2";
				VALIDATE_PRODUCT = YES;
			};
			name = Release;
		};
		3B17D9361A1837630071A429 /* Debug */ = {
			isa = XCBuildConfiguration;
			baseConfigurationReference = 43494C7F7D6D150F06A336CA /* Pods-CelebDuel.debug.xcconfig */;
			buildSettings = {
				ASSETCATALOG_COMPILER_APPICON_NAME = AppIcon;
				CODE_SIGN_IDENTITY = "iPhone Developer";
				"CODE_SIGN_IDENTITY[sdk=iphoneos*]" = "iPhone Developer";
				FRAMEWORK_SEARCH_PATHS = (
					"$(inherited)",
					"$(PROJECT_DIR)/CelebDuel/parse-library-1.5.0",
					"$(PROJECT_DIR)/CelebDuel/parse-library-1.5.0/FacebookSDK",
					"$(PROJECT_DIR)/CelebDuel/parse-library-1.5.0/FacebookSDK/FBAudienceNetwork",
					"$(PROJECT_DIR)/CelebDuel/FacebookSDK",
					"$(PROJECT_DIR)/CelebDuel/FacebookSDK/FBAudienceNetwork",
				);
				INFOPLIST_FILE = CelebDuel/Info.plist;
				LD_RUNPATH_SEARCH_PATHS = "$(inherited) @executable_path/Frameworks";
				PRODUCT_NAME = "$(TARGET_NAME)";
				PROVISIONING_PROFILE = "";
				TARGETED_DEVICE_FAMILY = 1;
			};
			name = Debug;
		};
		3B17D9371A1837630071A429 /* Release */ = {
			isa = XCBuildConfiguration;
			baseConfigurationReference = EC730A4AAA7A8C9D563943B3 /* Pods-CelebDuel.release.xcconfig */;
			buildSettings = {
				ASSETCATALOG_COMPILER_APPICON_NAME = AppIcon;
				CODE_SIGN_IDENTITY = "iPhone Developer";
				"CODE_SIGN_IDENTITY[sdk=iphoneos*]" = "iPhone Developer";
				FRAMEWORK_SEARCH_PATHS = (
					"$(inherited)",
					"$(PROJECT_DIR)/CelebDuel/parse-library-1.5.0",
					"$(PROJECT_DIR)/CelebDuel/parse-library-1.5.0/FacebookSDK",
					"$(PROJECT_DIR)/CelebDuel/parse-library-1.5.0/FacebookSDK/FBAudienceNetwork",
					"$(PROJECT_DIR)/CelebDuel/FacebookSDK",
					"$(PROJECT_DIR)/CelebDuel/FacebookSDK/FBAudienceNetwork",
				);
				INFOPLIST_FILE = CelebDuel/Info.plist;
				LD_RUNPATH_SEARCH_PATHS = "$(inherited) @executable_path/Frameworks";
				PRODUCT_NAME = "$(TARGET_NAME)";
				PROVISIONING_PROFILE = "";
				TARGETED_DEVICE_FAMILY = 1;
			};
			name = Release;
		};
		3B17D9391A1837630071A429 /* Debug */ = {
			isa = XCBuildConfiguration;
			buildSettings = {
				BUNDLE_LOADER = "$(TEST_HOST)";
				FRAMEWORK_SEARCH_PATHS = (
					"$(SDKROOT)/Developer/Library/Frameworks",
					"$(inherited)",
				);
				GCC_PREPROCESSOR_DEFINITIONS = (
					"DEBUG=1",
					"$(inherited)",
				);
				INFOPLIST_FILE = CelebDuelTests/Info.plist;
				LD_RUNPATH_SEARCH_PATHS = "$(inherited) @executable_path/Frameworks @loader_path/Frameworks";
				PRODUCT_NAME = "$(TARGET_NAME)";
				TEST_HOST = "$(BUILT_PRODUCTS_DIR)/CelebDuel.app/CelebDuel";
			};
			name = Debug;
		};
		3B17D93A1A1837630071A429 /* Release */ = {
			isa = XCBuildConfiguration;
			buildSettings = {
				BUNDLE_LOADER = "$(TEST_HOST)";
				FRAMEWORK_SEARCH_PATHS = (
					"$(SDKROOT)/Developer/Library/Frameworks",
					"$(inherited)",
				);
				INFOPLIST_FILE = CelebDuelTests/Info.plist;
				LD_RUNPATH_SEARCH_PATHS = "$(inherited) @executable_path/Frameworks @loader_path/Frameworks";
				PRODUCT_NAME = "$(TARGET_NAME)";
				TEST_HOST = "$(BUILT_PRODUCTS_DIR)/CelebDuel.app/CelebDuel";
			};
			name = Release;
		};
/* End XCBuildConfiguration section */

/* Begin XCConfigurationList section */
		3B17D90D1A1837630071A429 /* Build configuration list for PBXProject "CelebDuel" */ = {
			isa = XCConfigurationList;
			buildConfigurations = (
				3B17D9331A1837630071A429 /* Debug */,
				3B17D9341A1837630071A429 /* Release */,
			);
			defaultConfigurationIsVisible = 0;
			defaultConfigurationName = Release;
		};
		3B17D9351A1837630071A429 /* Build configuration list for PBXNativeTarget "CelebDuel" */ = {
			isa = XCConfigurationList;
			buildConfigurations = (
				3B17D9361A1837630071A429 /* Debug */,
				3B17D9371A1837630071A429 /* Release */,
			);
			defaultConfigurationIsVisible = 0;
			defaultConfigurationName = Release;
		};
		3B17D9381A1837630071A429 /* Build configuration list for PBXNativeTarget "CelebDuelTests" */ = {
			isa = XCConfigurationList;
			buildConfigurations = (
				3B17D9391A1837630071A429 /* Debug */,
				3B17D93A1A1837630071A429 /* Release */,
			);
			defaultConfigurationIsVisible = 0;
			defaultConfigurationName = Release;
		};
/* End XCConfigurationList section */
	};
	rootObject = 3B17D90A1A1837630071A429 /* Project object */;
}
